
Microsoft Visual Studio Solution File, Format Version 12.00
# Visual Studio Version 17
VisualStudioVersion = 17.4.33213.308
MinimumVisualStudioVersion = 10.0.40219.1
Project("{FAE04EC0-301F-11D3-BF4B-00C04F79EFBC}") = "WPFEidos", "WPFEidos\WPFEidos.csproj", "{60434539-810E-44F1-9E6E-89D0259D1270}"
EndProject
Global
	GlobalSection(SolutionConfigurationPlatforms) = preSolution
		Debug|Any CPU = Debug|Any CPU
		Release|Any CPU = Release|Any CPU
	EndGlobalSection
	GlobalSection(ProjectConfigurationPlatforms) = postSolution
		{60434539-810E-44F1-9E6E-89D0259D1270}.Debug|Any CPU.ActiveCfg = Debug|Any CPU
		{60434539-810E-44F1-9E6E-89D0259D1270}.Debug|Any CPU.Build.0 = Debug|Any CPU
		{60434539-810E-44F1-9E6E-89D0259D1270}.Release|Any CPU.ActiveCfg = Release|Any CPU
		{60434539-810E-44F1-9E6E-89D0259D1270}.Release|Any CPU.Build.0 = Release|Any CPU
	EndGlobalSection
	GlobalSection(SolutionProperties) = preSolution
		HideSolutionNode = FALSE
	EndGlobalSection
	GlobalSection(ExtensibilityGlobals) = postSolution
		SolutionGuid = {9C5B63BA-1C2A-47CE-B0B3-34949AC2B5D1}
	EndGlobalSection
EndGlobal
